
Microsoft Visual Studio Solution File, Format Version 12.00
# Visual Studio Version 17
VisualStudioVersion = 17.7.34031.279
MinimumVisualStudioVersion = 10.0.40219.1
Project("{9A19103F-16F7-4668-BE54-9A1E7A4F7556}") = "Entities", "Entities\Entities.csproj", "{89E3277E-A646-4D95-9EA3-82F53B2DF354}"
EndProject
Project("{9A19103F-16F7-4668-BE54-9A1E7A4F7556}") = "Data Access", "Data Access\Data Access.csproj", "{1BB657BA-0680-4446-888F-B441812B7FDB}"
EndProject
Project("{9A19103F-16F7-4668-BE54-9A1E7A4F7556}") = "Business", "Business\Business.csproj", "{E81B96A1-97A8-4273-B321-BA9B50ED0314}"
EndProject
Project("{9A19103F-16F7-4668-BE54-9A1E7A4F7556}") = "ConsoleUII", "ConsoleUII\ConsoleUII.csproj", "{35940AF8-1CBC-4173-807E-CB3277C2F0E9}"
EndProject
Project("{9A19103F-16F7-4668-BE54-9A1E7A4F7556}") = "Core", "Core\Core.csproj", "{E9229A5F-131F-497F-B377-F32AE134B39B}"
EndProject
Project("{FAE04EC0-301F-11D3-BF4B-00C04F79EFBC}") = "WebApi", "WebApi\WebApi.csproj", "{4D5E9A51-E216-430C-8B2B-2D3FB46F362E}"
EndProject
Global
	GlobalSection(SolutionConfigurationPlatforms) = preSolution
		Debug|Any CPU = Debug|Any CPU
		Release|Any CPU = Release|Any CPU
	EndGlobalSection
	GlobalSection(ProjectConfigurationPlatforms) = postSolution
		{89E3277E-A646-4D95-9EA3-82F53B2DF354}.Debug|Any CPU.ActiveCfg = Debug|Any CPU
		{89E3277E-A646-4D95-9EA3-82F53B2DF354}.Debug|Any CPU.Build.0 = Debug|Any CPU
		{89E3277E-A646-4D95-9EA3-82F53B2DF354}.Release|Any CPU.ActiveCfg = Release|Any CPU
		{89E3277E-A646-4D95-9EA3-82F53B2DF354}.Release|Any CPU.Build.0 = Release|Any CPU
		{1BB657BA-0680-4446-888F-B441812B7FDB}.Debug|Any CPU.ActiveCfg = Debug|Any CPU
		{1BB657BA-0680-4446-888F-B441812B7FDB}.Debug|Any CPU.Build.0 = Debug|Any CPU
		{1BB657BA-0680-4446-888F-B441812B7FDB}.Release|Any CPU.ActiveCfg = Release|Any CPU
		{1BB657BA-0680-4446-888F-B441812B7FDB}.Release|Any CPU.Build.0 = Release|Any CPU
		{E81B96A1-97A8-4273-B321-BA9B50ED0314}.Debug|Any CPU.ActiveCfg = Debug|Any CPU
		{E81B96A1-97A8-4273-B321-BA9B50ED0314}.Debug|Any CPU.Build.0 = Debug|Any CPU
		{E81B96A1-97A8-4273-B321-BA9B50ED0314}.Release|Any CPU.ActiveCfg = Release|Any CPU
		{E81B96A1-97A8-4273-B321-BA9B50ED0314}.Release|Any CPU.Build.0 = Release|Any CPU
		{35940AF8-1CBC-4173-807E-CB3277C2F0E9}.Debug|Any CPU.ActiveCfg = Debug|Any CPU
		{35940AF8-1CBC-4173-807E-CB3277C2F0E9}.Debug|Any CPU.Build.0 = Debug|Any CPU
		{35940AF8-1CBC-4173-807E-CB3277C2F0E9}.Release|Any CPU.ActiveCfg = Release|Any CPU
		{35940AF8-1CBC-4173-807E-CB3277C2F0E9}.Release|Any CPU.Build.0 = Release|Any CPU
		{E9229A5F-131F-497F-B377-F32AE134B39B}.Debug|Any CPU.ActiveCfg = Debug|Any CPU
		{E9229A5F-131F-497F-B377-F32AE134B39B}.Debug|Any CPU.Build.0 = Debug|Any CPU
		{E9229A5F-131F-497F-B377-F32AE134B39B}.Release|Any CPU.ActiveCfg = Release|Any CPU
		{E9229A5F-131F-497F-B377-F32AE134B39B}.Release|Any CPU.Build.0 = Release|Any CPU
		{4D5E9A51-E216-430C-8B2B-2D3FB46F362E}.Debug|Any CPU.ActiveCfg = Debug|Any CPU
		{4D5E9A51-E216-430C-8B2B-2D3FB46F362E}.Debug|Any CPU.Build.0 = Debug|Any CPU
		{4D5E9A51-E216-430C-8B2B-2D3FB46F362E}.Release|Any CPU.ActiveCfg = Release|Any CPU
		{4D5E9A51-E216-430C-8B2B-2D3FB46F362E}.Release|Any CPU.Build.0 = Release|Any CPU
	EndGlobalSection
	GlobalSection(SolutionProperties) = preSolution
		HideSolutionNode = FALSE
	EndGlobalSection
	GlobalSection(ExtensibilityGlobals) = postSolution
		SolutionGuid = {39E9C67C-557F-4CC7-899A-FFD8EF25C443}
	EndGlobalSection
EndGlobal
